Microsoft Visual Studio Solution File, Format Version 11.00
# Visual Studio 2008

Project("{67404E9D-76A3-E803-2503-790BA5A834BC}") = "Speed Jumper", "Assembly-CSharp.csproj", "{27D555BD-1AE3-612C-1C8D-F3E552BA5665}"
EndProject
Project("{67404E9D-76A3-E803-2503-790BA5A834BC}") = "Speed Jumper", "Assembly-CSharp-Editor.csproj", "{0A9530FA-74F0-8B8A-F596-5BBBD8223430}"
EndProject
Project("{67404E9D-76A3-E803-2503-790BA5A834BC}") = "Speed Jumper", "Assembly-UnityScript.unityproj", "{71F8195D-A6F0-1540-10AE-A52DDA903D08}"
EndProject
Global
	GlobalSection(SolutionConfigurationPlatforms) = preSolution
		Debug|Any CPU = Debug|Any CPU
		Release|Any CPU = Release|Any CPU
	EndGlobalSection
	GlobalSection(ProjectConfigurationPlatforms) = postSolution
		{27D555BD-1AE3-612C-1C8D-F3E552BA5665}.Debug|Any CPU.ActiveCfg = Debug|Any CPU
		{27D555BD-1AE3-612C-1C8D-F3E552BA5665}.Debug|Any CPU.Build.0 = Debug|Any CPU
		{27D555BD-1AE3-612C-1C8D-F3E552BA5665}.Release|Any CPU.ActiveCfg = Release|Any CPU
		{27D555BD-1AE3-612C-1C8D-F3E552BA5665}.Release|Any CPU.Build.0 = Release|Any CPU
		{0A9530FA-74F0-8B8A-F596-5BBBD8223430}.Debug|Any CPU.ActiveCfg = Debug|Any CPU
		{0A9530FA-74F0-8B8A-F596-5BBBD8223430}.Debug|Any CPU.Build.0 = Debug|Any CPU
		{0A9530FA-74F0-8B8A-F596-5BBBD8223430}.Release|Any CPU.ActiveCfg = Release|Any CPU
		{0A9530FA-74F0-8B8A-F596-5BBBD8223430}.Release|Any CPU.Build.0 = Release|Any CPU
		{71F8195D-A6F0-1540-10AE-A52DDA903D08}.Debug|Any CPU.ActiveCfg = Debug|Any CPU
		{71F8195D-A6F0-1540-10AE-A52DDA903D08}.Debug|Any CPU.Build.0 = Debug|Any CPU
		{71F8195D-A6F0-1540-10AE-A52DDA903D08}.Release|Any CPU.ActiveCfg = Release|Any CPU
		{71F8195D-A6F0-1540-10AE-A52DDA903D08}.Release|Any CPU.Build.0 = Release|Any CPU
	EndGlobalSection
	GlobalSection(SolutionProperties) = preSolution
		HideSolutionNode = FALSE
	EndGlobalSection
																																																																		GlobalSection(MonoDevelopProperties) = preSolution
		StartupItem = Assembly-CSharp.csproj
		Policies = $0
		$0.TextStylePolicy = $1
		$1.inheritsSet = null
		$1.scope = text/x-csharp
		$0.CSharpFormattingPolicy = $2
		$2.inheritsSet = Mono
		$2.inheritsScope = text/x-csharp
		$2.scope = text/x-csharp
		$0.TextStylePolicy = $3
		$3.FileWidth = 120
		$3.TabWidth = 4
		$3.IndentWidth = 4
		$3.EolMarker = Unix
		$3.inheritsSet = Mono
		$3.inheritsScope = text/plain
		$3.scope = text/plain
	EndGlobalSection

EndGlobal
